<?xml version="1.0" encoding="utf-8"?>
<Project ToolsVersion="4.0" xmlns="http://schemas.microsoft.com/developer/msbuild/2003">
  <ItemGroup>
    <Filter Include="00.System">
      <UniqueIdentifier>{25e73df9-f3ef-448c-971f-9c3094ad9b7f}</UniqueIdentifier>
    </Filter>
    <Filter Include="01.Utility">
      <UniqueIdentifier>{d10c7abf-64e6-415c-b268-2ca032059939}</UniqueIdentifier>
    </Filter>
    <Filter Include="01.Utility\99.SuperClass">
      <UniqueIdentifier>{e74f888c-2c88-44c7-95fd-f7f44670cff0}</UniqueIdentifier>
    </Filter>
    <Filter Include="99.Defines">
      <UniqueIdentifier>{ccad13e6-2f4e-42ef-9543-a82879872926}</UniqueIdentifier>
    </Filter>
    <Filter Include="01.Utility\00.GameInstance">
      <UniqueIdentifier>{75456264-0ec0-4199-b776-d958df3b348b}</UniqueIdentifier>
    </Filter>
    <Filter Include="00.System\00.Device">
      <UniqueIdentifier>{61558c36-9b65-4a17-b4ca-2cd99d273462}</UniqueIdentifier>
    </Filter>
    <Filter Include="00.System\00.Device\Graphic">
      <UniqueIdentifier>{bffdcbb3-991c-4e8a-811b-45234cbcf84d}</UniqueIdentifier>
    </Filter>
    <Filter Include="00.System\00.Device\Input">
      <UniqueIdentifier>{c9bf6868-a0d6-4a4f-8627-d13f3510e5cb}</UniqueIdentifier>
    </Filter>
    <Filter Include="01.Utility\01.Levels">
      <UniqueIdentifier>{e20c4c18-f004-4e2e-a2fa-940f72286412}</UniqueIdentifier>
    </Filter>
    <Filter Include="01.Utility\01.Levels\Manager">
      <UniqueIdentifier>{9db208f7-9b3a-4b9e-883d-fe8f0975b8e2}</UniqueIdentifier>
    </Filter>
    <Filter Include="01.Utility\02.GameObjects">
      <UniqueIdentifier>{d1e9c51b-b4f8-47ea-85d9-a4a954ae5fc3}</UniqueIdentifier>
    </Filter>
    <Filter Include="01.Utility\02.GameObjects\Manager">
      <UniqueIdentifier>{902847bf-7ddd-40b6-b99b-18c6c06a3f0b}</UniqueIdentifier>
    </Filter>
    <Filter Include="01.Utility\02.GameObjects\Manager\Layer">
      <UniqueIdentifier>{2dd0ca4d-2940-4439-8228-9eb8798e306c}</UniqueIdentifier>
    </Filter>
    <Filter Include="01.Utility\02.Renderer">
      <UniqueIdentifier>{ae9a0719-c93c-495b-b5f3-2aebdfe49ce8}</UniqueIdentifier>
    </Filter>
    <Filter Include="00.System\01.Timers">
      <UniqueIdentifier>{4cec9ffb-ff3f-4bf3-a316-a7fdf5e17094}</UniqueIdentifier>
    </Filter>
    <Filter Include="00.System\01.Timers\Manager">
      <UniqueIdentifier>{3d250d0d-10d8-488d-9f48-4fc17c600a32}</UniqueIdentifier>
    </Filter>
    <Filter Include="01.Utility\03.Component">
      <UniqueIdentifier>{112b8d83-c579-4b2c-a5e7-14d00180cdb2}</UniqueIdentifier>
    </Filter>
    <Filter Include="01.Utility\03.Component\Manager">
      <UniqueIdentifier>{b25d8a30-92ee-4554-92bd-2bf95894b75c}</UniqueIdentifier>
    </Filter>
    <Filter Include="01.Utility\03.Component\VIBuffer">
      <UniqueIdentifier>{552bfb09-09fe-4c29-afa7-0ceb6e08c0e7}</UniqueIdentifier>
    </Filter>
    <Filter Include="01.Utility\03.Component\VIBuffer\Rect">
      <UniqueIdentifier>{fa82282c-8fba-484e-b1e3-1509e1c4f855}</UniqueIdentifier>
    </Filter>
    <Filter Include="01.Utility\03.Component\Shader">
      <UniqueIdentifier>{6eb704cf-5aba-417a-9b2e-4cfe99e14ebe}</UniqueIdentifier>
    </Filter>
    <Filter Include="01.Utility\03.Component\Texture">
      <UniqueIdentifier>{7ea77b0c-d12d-4144-9a72-b53e043a46ff}</UniqueIdentifier>
    </Filter>
    <Filter Include="01.Utility\03.Component\Transform">
      <UniqueIdentifier>{f3e61747-816d-48d1-a117-70127a65a170}</UniqueIdentifier>
    </Filter>
    <Filter Include="01.Utility\03.Component\VIBuffer\Terrain">
      <UniqueIdentifier>{ad0a95f4-24ce-4d25-b375-de60d9e89453}</UniqueIdentifier>
    </Filter>
    <Filter Include="01.Utility\02.GameObjects\Camera">
      <UniqueIdentifier>{51c7bbaf-6a23-4e0e-b94e-fb3334833e4c}</UniqueIdentifier>
    </Filter>
    <Filter Include="01.Utility\04.PipeLine">
      <UniqueIdentifier>{ac717054-282e-4409-b3fc-79c220b76ca4}</UniqueIdentifier>
    </Filter>
    <Filter Include="01.Utility\05.Lights">
      <UniqueIdentifier>{4223b331-fb67-407f-baa1-a3c450a4422d}</UniqueIdentifier>
    </Filter>
    <Filter Include="01.Utility\05.Lights\Manager">
      <UniqueIdentifier>{8bc21375-2cc5-40b2-8b0e-59689101273e}</UniqueIdentifier>
    </Filter>
    <Filter Include="01.Utility\03.Component\Model">
      <UniqueIdentifier>{d692e717-a277-416d-8995-657cd7316071}</UniqueIdentifier>
    </Filter>
    <Filter Include="01.Utility\03.Component\Model\Mesh">
      <UniqueIdentifier>{3675ca35-8334-40d9-9a30-0430f4010dd1}</UniqueIdentifier>
    </Filter>
    <Filter Include="01.Utility\03.Component\Model\Bone">
      <UniqueIdentifier>{bf34b216-77d1-4738-8fe1-a659fc9ef3c3}</UniqueIdentifier>
    </Filter>
    <Filter Include="01.Utility\03.Component\Model\Animation">
      <UniqueIdentifier>{0533e893-9660-4880-8cd1-22029512d2eb}</UniqueIdentifier>
    </Filter>
    <Filter Include="01.Utility\03.Component\Model\Animation\Channel">
      <UniqueIdentifier>{399f6db2-fbb6-474d-9ef7-fef78adb1d34}</UniqueIdentifier>
    </Filter>
    <Filter Include="01.Utility\03.Component\Navigation">
      <UniqueIdentifier>{37092507-b064-4c73-97a1-c87eb0ee8041}</UniqueIdentifier>
    </Filter>
    <Filter Include="01.Utility\03.Component\Navigation\Cell">
      <UniqueIdentifier>{3b8b1db3-bdb7-4805-a0a2-953e61fa8a5e}</UniqueIdentifier>
    </Filter>
    <Filter Include="01.Utility\03.Component\VIBuffer\Cell">
      <UniqueIdentifier>{08a4caff-ae5d-428a-b009-9e253736baf0}</UniqueIdentifier>
    </Filter>
    <Filter Include="01.Utility\98.ShaderFiles">
      <UniqueIdentifier>{1fc49f4a-1f51-40ef-b3a2-123cd913d345}</UniqueIdentifier>
    </Filter>
    <Filter Include="01.Utility\03.Component\Collider">
      <UniqueIdentifier>{1191e721-11c5-461a-a964-0e03de57b5c3}</UniqueIdentifier>
    </Filter>
    <Filter Include="01.Utility\03.Component\Collider\Bounding">
      <UniqueIdentifier>{e1753fe8-45a0-4b2c-8c4e-7a41033e76e9}</UniqueIdentifier>
    </Filter>
    <Filter Include="01.Utility\03.Component\Collider\Bounding\OBB">
      <UniqueIdentifier>{fc193d9c-1e17-4a96-b64b-b145ac27ff3f}</UniqueIdentifier>
    </Filter>
    <Filter Include="01.Utility\03.Component\Collider\Bounding\Sphere">
      <UniqueIdentifier>{131b475e-20b6-4c04-b0dc-179857449fe6}</UniqueIdentifier>
    </Filter>
    <Filter Include="01.Utility\03.Component\Collider\Bounding\AABB">
      <UniqueIdentifier>{fa8a87cf-6250-4ae3-afe0-f696f0d24c42}</UniqueIdentifier>
    </Filter>
    <Filter Include="01.Utility\03.Component\Collider\DebugDraw">
      <UniqueIdentifier>{61d8b61e-2ce7-4ab1-be26-682bf1de9c73}</UniqueIdentifier>
    </Filter>
    <Filter Include="01.Utility\03.Component\VIBuffer\Cube">
      <UniqueIdentifier>{c2856c6f-b171-45b2-b517-40447b684cb7}</UniqueIdentifier>
    </Filter>
    <Filter Include="01.Utility\06.Fonts">
      <UniqueIdentifier>{06560414-6c74-4e2e-b4b6-487fd0b308d5}</UniqueIdentifier>
    </Filter>
    <Filter Include="01.Utility\06.Fonts\Manager">
      <UniqueIdentifier>{d7bd7336-3d39-47b9-a269-cd86c933ece8}</UniqueIdentifier>
    </Filter>
    <Filter Include="01.Utility\03.Component\VIBuffer\Instancing">
      <UniqueIdentifier>{dcb49558-dde2-414f-99df-29290c7341c2}</UniqueIdentifier>
    </Filter>
    <Filter Include="01.Utility\03.Component\VIBuffer\Instancing\Particle">
      <UniqueIdentifier>{ce4fcc58-8f02-4950-881b-22bdabd35a44}</UniqueIdentifier>
    </Filter>
    <Filter Include="01.Utility\03.Component\VIBuffer\Instancing\Particle\Rect">
      <UniqueIdentifier>{eb1b7e02-65d3-4d60-9e6e-36accd8073f6}</UniqueIdentifier>
    </Filter>
    <Filter Include="01.Utility\03.Component\VIBuffer\Instancing\Particle\Point">
      <UniqueIdentifier>{bbee364f-1f24-456e-bc83-866af819cf14}</UniqueIdentifier>
    </Filter>
    <Filter Include="01.Utility\07.RenderTargets">
      <UniqueIdentifier>{2f250866-a3ce-40aa-9330-b7471f37daea}</UniqueIdentifier>
    </Filter>
    <Filter Include="01.Utility\07.RenderTargets\Manager">
      <UniqueIdentifier>{324d2d81-25a1-41a6-b796-5641ccfddc27}</UniqueIdentifier>
    </Filter>
    <Filter Include="01.Utility\08.Frustum">
      <UniqueIdentifier>{a76034a8-3204-4a94-953c-45662da43601}</UniqueIdentifier>
    </Filter>
    <Filter Include="01.Utility\03.Component\VIBuffer\Terrain\QaudTree">
      <UniqueIdentifier>{d3919336-7d0f-4870-b117-29f88bbc067d}</UniqueIdentifier>
    </Filter>
    <Filter Include="01.Utility\03.Component\VIBuffer\Skeletal">
      <UniqueIdentifier>{b6f0dc18-4921-4bd1-b9b2-c462eaabf3a0}</UniqueIdentifier>
    </Filter>
    <Filter Include="01.Utility\97.JsonParser">
      <UniqueIdentifier>{08a62c01-1f39-4244-aa13-13b62062818f}</UniqueIdentifier>
    </Filter>
    <Filter Include="01.Utility\03.Component\Collider\Collision_Manager">
      <UniqueIdentifier>{96094179-cf0e-4e81-99e2-919681de7d84}</UniqueIdentifier>
    </Filter>
    <Filter Include="01.Utility\03.Component\Collider\Collision_Manager\Collider_Layer">
      <UniqueIdentifier>{491770cc-a20a-4f04-bde7-efe4905988e7}</UniqueIdentifier>
    </Filter>
    <Filter Include="01.Utility\03.Component\VIBuffer\Point">
      <UniqueIdentifier>{5cd5ce10-4d35-4ced-bcb0-c3f61b8cda65}</UniqueIdentifier>
    </Filter>
    <Filter Include="01.Utility\03.Component\VIBuffer\Point\SinglePoint">
      <UniqueIdentifier>{fbfb3e02-af99-4b4e-a014-c703d2d1d6c0}</UniqueIdentifier>
    </Filter>
    <Filter Include="01.Utility\03.Component\VIBuffer\Point\DoublePoint">
      <UniqueIdentifier>{1c10c9ab-2fd1-4f10-87f1-a74222ac2b25}</UniqueIdentifier>
    </Filter>
  </ItemGroup>
  <ItemGroup>
    <ClInclude Include="..\public\Base.h">
      <Filter>01.Utility\99.SuperClass</Filter>
    </ClInclude>
    <ClInclude Include="..\Public\Engine_Defines.h">
      <Filter>99.Defines</Filter>
    </ClInclude>
    <ClInclude Include="..\Public\Engine_Macro.h">
      <Filter>99.Defines</Filter>
    </ClInclude>
    <ClInclude Include="..\Public\Engine_Struct.h">
      <Filter>99.Defines</Filter>
    </ClInclude>
    <ClInclude Include="..\Public\Engine_Typedef.h">
      <Filter>99.Defines</Filter>
    </ClInclude>
    <ClInclude Include="..\Public\Engine_Function.h">
      <Filter>99.Defines</Filter>
    </ClInclude>
    <ClInclude Include="..\public\GameInstance.h">
      <Filter>01.Utility\00.GameInstance</Filter>
    </ClInclude>
    <ClInclude Include="..\Public\Graphic_Device.h">
      <Filter>00.System\00.Device\Graphic</Filter>
    </ClInclude>
    <ClInclude Include="..\public\Level.h">
      <Filter>01.Utility\01.Levels</Filter>
    </ClInclude>
    <ClInclude Include="..\public\Level_Manager.h">
      <Filter>01.Utility\01.Levels\Manager</Filter>
    </ClInclude>
    <ClInclude Include="..\public\GameObject.h">
      <Filter>01.Utility\02.GameObjects</Filter>
    </ClInclude>
    <ClInclude Include="..\public\Object_Manager.h">
      <Filter>01.Utility\02.GameObjects\Manager</Filter>
    </ClInclude>
    <ClInclude Include="..\public\Layer.h">
      <Filter>01.Utility\02.GameObjects\Manager\Layer</Filter>
    </ClInclude>
    <ClInclude Include="..\public\Renderer.h">
      <Filter>01.Utility\02.Renderer</Filter>
    </ClInclude>
    <ClInclude Include="..\Public\Timer.h">
      <Filter>00.System\01.Timers</Filter>
    </ClInclude>
    <ClInclude Include="..\Public\Timer_Manager.h">
      <Filter>00.System\01.Timers\Manager</Filter>
    </ClInclude>
    <ClInclude Include="..\public\Component.h">
      <Filter>01.Utility\03.Component</Filter>
    </ClInclude>
    <ClInclude Include="..\public\VIBuffer.h">
      <Filter>01.Utility\03.Component\VIBuffer</Filter>
    </ClInclude>
    <ClInclude Include="..\public\VIBuffer_Rect.h">
      <Filter>01.Utility\03.Component\VIBuffer\Rect</Filter>
    </ClInclude>
    <ClInclude Include="..\public\Shader.h">
      <Filter>01.Utility\03.Component\Shader</Filter>
    </ClInclude>
    <ClInclude Include="..\public\Component_Manager.h">
      <Filter>01.Utility\03.Component\Manager</Filter>
    </ClInclude>
    <ClInclude Include="..\public\Texture.h">
      <Filter>01.Utility\03.Component\Texture</Filter>
    </ClInclude>
    <ClInclude Include="..\public\Transform.h">
      <Filter>01.Utility\03.Component\Transform</Filter>
    </ClInclude>
    <ClInclude Include="..\Public\VIBuffer_Terrain.h">
      <Filter>01.Utility\03.Component\VIBuffer\Terrain</Filter>
    </ClInclude>
    <ClInclude Include="..\public\Camera.h">
      <Filter>01.Utility\02.GameObjects\Camera</Filter>
    </ClInclude>
    <ClInclude Include="..\public\PipeLIne.h">
      <Filter>01.Utility\04.PipeLine</Filter>
    </ClInclude>
    <ClInclude Include="..\Public\Input_Device.h">
      <Filter>00.System\00.Device\Input</Filter>
    </ClInclude>
    <ClInclude Include="..\public\Light.h">
      <Filter>01.Utility\05.Lights</Filter>
    </ClInclude>
    <ClInclude Include="..\public\Light_Manager.h">
      <Filter>01.Utility\05.Lights\Manager</Filter>
    </ClInclude>
    <ClInclude Include="..\public\Model.h">
      <Filter>01.Utility\03.Component\Model</Filter>
    </ClInclude>
    <ClInclude Include="..\public\Mesh.h">
      <Filter>01.Utility\03.Component\Model\Mesh</Filter>
    </ClInclude>
    <ClInclude Include="..\public\Bone.h">
      <Filter>01.Utility\03.Component\Model\Bone</Filter>
    </ClInclude>
    <ClInclude Include="..\public\Animation.h">
      <Filter>01.Utility\03.Component\Model\Animation</Filter>
    </ClInclude>
    <ClInclude Include="..\public\Channel.h">
      <Filter>01.Utility\03.Component\Model\Animation\Channel</Filter>
    </ClInclude>
    <ClInclude Include="..\public\Navigation.h">
      <Filter>01.Utility\03.Component\Navigation</Filter>
    </ClInclude>
    <ClInclude Include="..\public\Cell.h">
      <Filter>01.Utility\03.Component\Navigation\Cell</Filter>
    </ClInclude>
    <ClInclude Include="..\Public\VIBuffer_Cell.h">
      <Filter>01.Utility\03.Component\VIBuffer\Cell</Filter>
    </ClInclude>
    <ClInclude Include="..\public\Collider.h">
      <Filter>01.Utility\03.Component\Collider</Filter>
    </ClInclude>
    <ClInclude Include="..\public\Bounding.h">
      <Filter>01.Utility\03.Component\Collider\Bounding</Filter>
    </ClInclude>
    <ClInclude Include="..\public\Bounding_Sphere.h">
      <Filter>01.Utility\03.Component\Collider\Bounding\Sphere</Filter>
    </ClInclude>
    <ClInclude Include="..\Public\Bounding_AABB.h">
      <Filter>01.Utility\03.Component\Collider\Bounding\AABB</Filter>
    </ClInclude>
    <ClInclude Include="..\Public\Bounding_OBB.h">
      <Filter>01.Utility\03.Component\Collider\Bounding\OBB</Filter>
    </ClInclude>
    <ClInclude Include="..\Public\DebugDraw.h">
      <Filter>01.Utility\03.Component\Collider\DebugDraw</Filter>
    </ClInclude>
    <ClInclude Include="..\Public\VIBuffer_Cube.h">
      <Filter>01.Utility\03.Component\VIBuffer\Cube</Filter>
    </ClInclude>
    <ClInclude Include="..\public\CustomFont.h">
      <Filter>01.Utility\06.Fonts</Filter>
    </ClInclude>
    <ClInclude Include="..\Public\Font_Manager.h">
      <Filter>01.Utility\06.Fonts\Manager</Filter>
    </ClInclude>
    <ClInclude Include="..\public\VIBuffer_Instancing.h">
      <Filter>01.Utility\03.Component\VIBuffer\Instancing</Filter>
    </ClInclude>
    <ClInclude Include="..\public\VIBuffer_Particle_Rect.h">
      <Filter>01.Utility\03.Component\VIBuffer\Instancing\Particle\Rect</Filter>
    </ClInclude>
    <ClInclude Include="..\Public\VIBuffer_Particle_Point.h">
      <Filter>01.Utility\03.Component\VIBuffer\Instancing\Particle\Point</Filter>
    </ClInclude>
    <ClInclude Include="..\public\RenderTarget.h">
      <Filter>01.Utility\07.RenderTargets</Filter>
    </ClInclude>
    <ClInclude Include="..\public\Target_Manager.h">
      <Filter>01.Utility\07.RenderTargets\Manager</Filter>
    </ClInclude>
    <ClInclude Include="..\public\Frustum.h">
      <Filter>01.Utility\08.Frustum</Filter>
    </ClInclude>
    <ClInclude Include="..\public\QuadTree.h">
      <Filter>01.Utility\03.Component\VIBuffer\Terrain\QaudTree</Filter>
    </ClInclude>
    <ClInclude Include="..\Public\VIBuffer_Terrain_Basic.h">
      <Filter>01.Utility\03.Component\VIBuffer\Terrain</Filter>
    </ClInclude>
    <ClInclude Include="..\Public\VIBuffer_Skeletal.h">
      <Filter>01.Utility\03.Component\VIBuffer\Skeletal</Filter>
    </ClInclude>
    <ClInclude Include="..\Public\Json_Manager.h">
      <Filter>01.Utility\97.JsonParser</Filter>
    </ClInclude>
    <ClInclude Include="..\Public\Collision_Manager.h">
      <Filter>01.Utility\03.Component\Collider\Collision_Manager</Filter>
    </ClInclude>
    <ClInclude Include="..\Public\Collider_Layer.h">
      <Filter>01.Utility\03.Component\Collider\Collision_Manager\Collider_Layer</Filter>
    </ClInclude>
    <ClInclude Include="..\Public\VIBuffer_Point_Double.h">
      <Filter>01.Utility\03.Component\VIBuffer\Point\DoublePoint</Filter>
    </ClInclude>
    <ClInclude Include="..\Public\VIBuffer_Point.h">
      <Filter>01.Utility\03.Component\VIBuffer\Point\SinglePoint</Filter>
    </ClInclude>
  </ItemGroup>
  <ItemGroup>
    <ClCompile Include="..\private\Base.cpp">
      <Filter>01.Utility\99.SuperClass</Filter>
    </ClCompile>
    <ClCompile Include="..\private\GameInstance.cpp">
      <Filter>01.Utility\00.GameInstance</Filter>
    </ClCompile>
    <ClCompile Include="..\Private\Graphic_Device.cpp">
      <Filter>00.System\00.Device\Graphic</Filter>
    </ClCompile>
    <ClCompile Include="..\private\Level.cpp">
      <Filter>01.Utility\01.Levels</Filter>
    </ClCompile>
    <ClCompile Include="..\private\Level_Manager.cpp">
      <Filter>01.Utility\01.Levels\Manager</Filter>
    </ClCompile>
    <ClCompile Include="..\private\GameObject.cpp">
      <Filter>01.Utility\02.GameObjects</Filter>
    </ClCompile>
    <ClCompile Include="..\private\Object_Manager.cpp">
      <Filter>01.Utility\02.GameObjects\Manager</Filter>
    </ClCompile>
    <ClCompile Include="..\Private\Layer.cpp">
      <Filter>01.Utility\02.GameObjects\Manager\Layer</Filter>
    </ClCompile>
    <ClCompile Include="..\private\Renderer.cpp">
      <Filter>01.Utility\02.Renderer</Filter>
    </ClCompile>
    <ClCompile Include="..\Private\Timer.cpp">
      <Filter>00.System\01.Timers</Filter>
    </ClCompile>
    <ClCompile Include="..\Private\Timer_Manager.cpp">
      <Filter>00.System\01.Timers\Manager</Filter>
    </ClCompile>
    <ClCompile Include="..\private\Component.cpp">
      <Filter>01.Utility\03.Component</Filter>
    </ClCompile>
    <ClCompile Include="..\private\VIBuffer.cpp">
      <Filter>01.Utility\03.Component\VIBuffer</Filter>
    </ClCompile>
    <ClCompile Include="..\private\VIBuffer_Rect.cpp">
      <Filter>01.Utility\03.Component\VIBuffer\Rect</Filter>
    </ClCompile>
    <ClCompile Include="..\private\Shader.cpp">
      <Filter>01.Utility\03.Component\Shader</Filter>
    </ClCompile>
    <ClCompile Include="..\Public\Engine_Sruct.cpp">
      <Filter>99.Defines</Filter>
    </ClCompile>
    <ClCompile Include="..\private\Component_Manager.cpp">
      <Filter>01.Utility\03.Component\Manager</Filter>
    </ClCompile>
    <ClCompile Include="..\private\Texture.cpp">
      <Filter>01.Utility\03.Component\Texture</Filter>
    </ClCompile>
    <ClCompile Include="..\private\Transform.cpp">
      <Filter>01.Utility\03.Component\Transform</Filter>
    </ClCompile>
    <ClCompile Include="..\Private\VIBuffer_Terrain.cpp">
      <Filter>01.Utility\03.Component\VIBuffer\Terrain</Filter>
    </ClCompile>
    <ClCompile Include="..\private\Camera.cpp">
      <Filter>01.Utility\02.GameObjects\Camera</Filter>
    </ClCompile>
    <ClCompile Include="..\private\PipeLIne.cpp">
      <Filter>01.Utility\04.PipeLine</Filter>
    </ClCompile>
    <ClCompile Include="..\Private\Input_Device.cpp">
      <Filter>00.System\00.Device\Input</Filter>
    </ClCompile>
    <ClCompile Include="..\private\Light_Manager.cpp">
      <Filter>01.Utility\05.Lights\Manager</Filter>
    </ClCompile>
    <ClCompile Include="..\private\Light.cpp">
      <Filter>01.Utility\05.Lights</Filter>
    </ClCompile>
    <ClCompile Include="..\private\Model.cpp">
      <Filter>01.Utility\03.Component\Model</Filter>
    </ClCompile>
    <ClCompile Include="..\private\Mesh.cpp">
      <Filter>01.Utility\03.Component\Model\Mesh</Filter>
    </ClCompile>
    <ClCompile Include="..\private\Bone.cpp">
      <Filter>01.Utility\03.Component\Model\Bone</Filter>
    </ClCompile>
    <ClCompile Include="..\private\Animation.cpp">
      <Filter>01.Utility\03.Component\Model\Animation</Filter>
    </ClCompile>
    <ClCompile Include="..\private\Channel.cpp">
      <Filter>01.Utility\03.Component\Model\Animation\Channel</Filter>
    </ClCompile>
    <ClCompile Include="..\private\Navigation.cpp">
      <Filter>01.Utility\03.Component\Navigation</Filter>
    </ClCompile>
    <ClCompile Include="..\private\Cell.cpp">
      <Filter>01.Utility\03.Component\Navigation\Cell</Filter>
    </ClCompile>
    <ClCompile Include="..\Private\VIBuffer_Cell.cpp">
      <Filter>01.Utility\03.Component\VIBuffer\Cell</Filter>
    </ClCompile>
    <ClCompile Include="..\private\Collider.cpp">
      <Filter>01.Utility\03.Component\Collider</Filter>
    </ClCompile>
    <ClCompile Include="..\private\Bounding.cpp">
      <Filter>01.Utility\03.Component\Collider\Bounding</Filter>
    </ClCompile>
    <ClCompile Include="..\private\Bounding_Sphere.cpp">
      <Filter>01.Utility\03.Component\Collider\Bounding\Sphere</Filter>
    </ClCompile>
    <ClCompile Include="..\Private\Bounding_AABB.cpp">
      <Filter>01.Utility\03.Component\Collider\Bounding\AABB</Filter>
    </ClCompile>
    <ClCompile Include="..\Private\Bounding_OBB.cpp">
      <Filter>01.Utility\03.Component\Collider\Bounding\OBB</Filter>
    </ClCompile>
    <ClCompile Include="..\Private\DebugDraw.cpp">
      <Filter>01.Utility\03.Component\Collider\DebugDraw</Filter>
    </ClCompile>
    <ClCompile Include="..\Private\VIBuffer_Cube.cpp">
      <Filter>01.Utility\03.Component\VIBuffer\Cube</Filter>
    </ClCompile>
    <ClCompile Include="..\private\CustomFont.cpp">
      <Filter>01.Utility\06.Fonts</Filter>
    </ClCompile>
    <ClCompile Include="..\Private\Font_Manager.cpp">
      <Filter>01.Utility\06.Fonts\Manager</Filter>
    </ClCompile>
    <ClCompile Include="..\private\VIBuffer_Instancing.cpp">
      <Filter>01.Utility\03.Component\VIBuffer\Instancing</Filter>
    </ClCompile>
    <ClCompile Include="..\private\VIBuffer_Particle_Rect.cpp">
      <Filter>01.Utility\03.Component\VIBuffer\Instancing\Particle\Rect</Filter>
    </ClCompile>
    <ClCompile Include="..\Private\VIBuffer_Particle_Point.cpp">
      <Filter>01.Utility\03.Component\VIBuffer\Instancing\Particle\Point</Filter>
    </ClCompile>
    <ClCompile Include="..\private\RenderTarget.cpp">
      <Filter>01.Utility\07.RenderTargets</Filter>
    </ClCompile>
    <ClCompile Include="..\private\Target_Manager.cpp">
      <Filter>01.Utility\07.RenderTargets\Manager</Filter>
    </ClCompile>
    <ClCompile Include="..\private\Frustum.cpp">
      <Filter>01.Utility\08.Frustum</Filter>
    </ClCompile>
    <ClCompile Include="..\private\QuadTree.cpp">
      <Filter>01.Utility\03.Component\VIBuffer\Terrain\QaudTree</Filter>
    </ClCompile>
    <ClCompile Include="..\Private\VIBuffer_Terrain_Basic.cpp">
      <Filter>01.Utility\03.Component\VIBuffer\Terrain</Filter>
    </ClCompile>
    <ClCompile Include="..\Private\VIBuffer_Skeletal.cpp">
      <Filter>01.Utility\03.Component\VIBuffer\Skeletal</Filter>
    </ClCompile>
    <ClCompile Include="..\Private\Json_Manager.cpp">
      <Filter>01.Utility\97.JsonParser</Filter>
    </ClCompile>
    <ClCompile Include="..\Private\Collision_Manager.cpp">
      <Filter>01.Utility\03.Component\Collider\Collision_Manager</Filter>
    </ClCompile>
    <ClCompile Include="..\Private\Collider_Layer.cpp">
      <Filter>01.Utility\03.Component\Collider\Collision_Manager\Collider_Layer</Filter>
    </ClCompile>
    <ClCompile Include="..\Private\VIBuffer_Point_Double.cpp">
      <Filter>01.Utility\03.Component\VIBuffer\Point\DoublePoint</Filter>
    </ClCompile>
    <ClCompile Include="..\Private\VIBuffer_Point.cpp">
      <Filter>01.Utility\03.Component\VIBuffer\Point\SinglePoint</Filter>
    </ClCompile>
  </ItemGroup>
  <ItemGroup>
    <FxCompile Include="..\Bin\ShaderFiles\Shader_Cell.hlsl">
      <Filter>01.Utility\98.ShaderFiles</Filter>
    </FxCompile>
    <FxCompile Include="..\Bin\ShaderFiles\Shader_Deferred.hlsl">
      <Filter>01.Utility\98.ShaderFiles</Filter>
    </FxCompile>
  </ItemGroup>
  <ItemGroup>
    <None Include="..\Bin\ShaderFiles\Shader_Defines.hlsli">
      <Filter>01.Utility\98.ShaderFiles</Filter>
    </None>
  </ItemGroup>
</Project>